
Microsoft Visual Studio Solution File, Format Version 12.00
# Visual Studio Version 17
VisualStudioVersion = 17.5.002.0
MinimumVisualStudioVersion = 10.0.40219.1
Project("{2150E333-8FDC-42A3-9474-1A3956D46DE8}") = "src", "src", "{885D4586-0A9E-47D2-BF43-54FB4733FCA9}"
EndProject
Project("{9A19103F-16F7-4668-BE54-9A1E7A4F7556}") = "WebApp", "src\WebApp\WebApp.csproj", "{0A394F11-1A75-4715-818B-25E58F5F21B0}"
EndProject
Project("{9A19103F-16F7-4668-BE54-9A1E7A4F7556}") = "Application", "src\Application\Application.csproj", "{1ABC535D-5211-47AC-AF92-722FA3D19ABF}"
EndProject
Project("{9A19103F-16F7-4668-BE54-9A1E7A4F7556}") = "Domain", "src\Domain\Domain.csproj", "{8B0EDE52-AA0E-4D4D-8F86-7512720EE249}"
EndProject
Project("{9A19103F-16F7-4668-BE54-9A1E7A4F7556}") = "Infrastructure", "src\Infrastructure\Infrastructure.csproj", "{393C2FAA-EA5B-4CA4-BCEA-79F3359D6EEF}"
EndProject
Global
	GlobalSection(SolutionConfigurationPlatforms) = preSolution
		Debug|Any CPU = Debug|Any CPU
		Release|Any CPU = Release|Any CPU
	EndGlobalSection
	GlobalSection(ProjectConfigurationPlatforms) = postSolution
		{0A394F11-1A75-4715-818B-25E58F5F21B0}.Debug|Any CPU.ActiveCfg = Debug|Any CPU
		{0A394F11-1A75-4715-818B-25E58F5F21B0}.Debug|Any CPU.Build.0 = Debug|Any CPU
		{0A394F11-1A75-4715-818B-25E58F5F21B0}.Release|Any CPU.ActiveCfg = Release|Any CPU
		{0A394F11-1A75-4715-818B-25E58F5F21B0}.Release|Any CPU.Build.0 = Release|Any CPU
		{1ABC535D-5211-47AC-AF92-722FA3D19ABF}.Debug|Any CPU.ActiveCfg = Debug|Any CPU
		{1ABC535D-5211-47AC-AF92-722FA3D19ABF}.Debug|Any CPU.Build.0 = Debug|Any CPU
		{1ABC535D-5211-47AC-AF92-722FA3D19ABF}.Release|Any CPU.ActiveCfg = Release|Any CPU
		{1ABC535D-5211-47AC-AF92-722FA3D19ABF}.Release|Any CPU.Build.0 = Release|Any CPU
		{8B0EDE52-AA0E-4D4D-8F86-7512720EE249}.Debug|Any CPU.ActiveCfg = Debug|Any CPU
		{8B0EDE52-AA0E-4D4D-8F86-7512720EE249}.Debug|Any CPU.Build.0 = Debug|Any CPU
		{8B0EDE52-AA0E-4D4D-8F86-7512720EE249}.Release|Any CPU.ActiveCfg = Release|Any CPU
		{8B0EDE52-AA0E-4D4D-8F86-7512720EE249}.Release|Any CPU.Build.0 = Release|Any CPU
		{393C2FAA-EA5B-4CA4-BCEA-79F3359D6EEF}.Debug|Any CPU.ActiveCfg = Debug|Any CPU
		{393C2FAA-EA5B-4CA4-BCEA-79F3359D6EEF}.Debug|Any CPU.Build.0 = Debug|Any CPU
		{393C2FAA-EA5B-4CA4-BCEA-79F3359D6EEF}.Release|Any CPU.ActiveCfg = Release|Any CPU
		{393C2FAA-EA5B-4CA4-BCEA-79F3359D6EEF}.Release|Any CPU.Build.0 = Release|Any CPU
	EndGlobalSection
	GlobalSection(SolutionProperties) = preSolution
		HideSolutionNode = FALSE
	EndGlobalSection
	GlobalSection(NestedProjects) = preSolution
		{0A394F11-1A75-4715-818B-25E58F5F21B0} = {885D4586-0A9E-47D2-BF43-54FB4733FCA9}
		{1ABC535D-5211-47AC-AF92-722FA3D19ABF} = {885D4586-0A9E-47D2-BF43-54FB4733FCA9}
		{8B0EDE52-AA0E-4D4D-8F86-7512720EE249} = {885D4586-0A9E-47D2-BF43-54FB4733FCA9}
		{393C2FAA-EA5B-4CA4-BCEA-79F3359D6EEF} = {885D4586-0A9E-47D2-BF43-54FB4733FCA9}
	EndGlobalSection
	GlobalSection(ExtensibilityGlobals) = postSolution
		SolutionGuid = {D516FCC3-A46E-4BF6-BDE5-291ACF47F171}
	EndGlobalSection
EndGlobal
