
Microsoft Visual Studio Solution File, Format Version 12.00
# Visual Studio Version 17
VisualStudioVersion = 17.5.002.0
MinimumVisualStudioVersion = 10.0.40219.1
Project("{2150E333-8FDC-42A3-9474-1A3956D46DE8}") = "src", "src", "{A8911B2D-94D8-4CDF-BD24-2461612FC109}"
EndProject
Project("{9A19103F-16F7-4668-BE54-9A1E7A4F7556}") = "Application", "src\Application\Application.csproj", "{D65DD6A7-B929-472C-8374-314FD9559D1C}"
EndProject
Project("{9A19103F-16F7-4668-BE54-9A1E7A4F7556}") = "Domain", "src\Domain\Domain.csproj", "{AADFA80C-F959-4738-9293-F1A679CDDFFF}"
EndProject
Project("{9A19103F-16F7-4668-BE54-9A1E7A4F7556}") = "Infrastructure", "src\Infrastructure\Infrastructure.csproj", "{26E12BAD-2EDA-45F8-82CE-4CAD7E5F2317}"
EndProject
Project("{9A19103F-16F7-4668-BE54-9A1E7A4F7556}") = "Presentation", "src\Presentation\Presentation.csproj", "{823D3C3F-622A-4375-945B-4B7000130DBD}"
EndProject
Global
	GlobalSection(SolutionConfigurationPlatforms) = preSolution
		Debug|Any CPU = Debug|Any CPU
		Release|Any CPU = Release|Any CPU
	EndGlobalSection
	GlobalSection(ProjectConfigurationPlatforms) = postSolution
		{D65DD6A7-B929-472C-8374-314FD9559D1C}.Debug|Any CPU.ActiveCfg = Debug|Any CPU
		{D65DD6A7-B929-472C-8374-314FD9559D1C}.Debug|Any CPU.Build.0 = Debug|Any CPU
		{D65DD6A7-B929-472C-8374-314FD9559D1C}.Release|Any CPU.ActiveCfg = Release|Any CPU
		{D65DD6A7-B929-472C-8374-314FD9559D1C}.Release|Any CPU.Build.0 = Release|Any CPU
		{AADFA80C-F959-4738-9293-F1A679CDDFFF}.Debug|Any CPU.ActiveCfg = Debug|Any CPU
		{AADFA80C-F959-4738-9293-F1A679CDDFFF}.Debug|Any CPU.Build.0 = Debug|Any CPU
		{AADFA80C-F959-4738-9293-F1A679CDDFFF}.Release|Any CPU.ActiveCfg = Release|Any CPU
		{AADFA80C-F959-4738-9293-F1A679CDDFFF}.Release|Any CPU.Build.0 = Release|Any CPU
		{26E12BAD-2EDA-45F8-82CE-4CAD7E5F2317}.Debug|Any CPU.ActiveCfg = Debug|Any CPU
		{26E12BAD-2EDA-45F8-82CE-4CAD7E5F2317}.Debug|Any CPU.Build.0 = Debug|Any CPU
		{26E12BAD-2EDA-45F8-82CE-4CAD7E5F2317}.Release|Any CPU.ActiveCfg = Release|Any CPU
		{26E12BAD-2EDA-45F8-82CE-4CAD7E5F2317}.Release|Any CPU.Build.0 = Release|Any CPU
		{823D3C3F-622A-4375-945B-4B7000130DBD}.Debug|Any CPU.ActiveCfg = Debug|Any CPU
		{823D3C3F-622A-4375-945B-4B7000130DBD}.Debug|Any CPU.Build.0 = Debug|Any CPU
		{823D3C3F-622A-4375-945B-4B7000130DBD}.Release|Any CPU.ActiveCfg = Release|Any CPU
		{823D3C3F-622A-4375-945B-4B7000130DBD}.Release|Any CPU.Build.0 = Release|Any CPU
	EndGlobalSection
	GlobalSection(SolutionProperties) = preSolution
		HideSolutionNode = FALSE
	EndGlobalSection
	GlobalSection(NestedProjects) = preSolution
		{D65DD6A7-B929-472C-8374-314FD9559D1C} = {A8911B2D-94D8-4CDF-BD24-2461612FC109}
		{AADFA80C-F959-4738-9293-F1A679CDDFFF} = {A8911B2D-94D8-4CDF-BD24-2461612FC109}
		{26E12BAD-2EDA-45F8-82CE-4CAD7E5F2317} = {A8911B2D-94D8-4CDF-BD24-2461612FC109}
		{823D3C3F-622A-4375-945B-4B7000130DBD} = {A8911B2D-94D8-4CDF-BD24-2461612FC109}
	EndGlobalSection
	GlobalSection(ExtensibilityGlobals) = postSolution
		SolutionGuid = {D516FCC3-A46E-4BF6-BDE5-291ACF47F171}
	EndGlobalSection
EndGlobal
