
Microsoft Visual Studio Solution File, Format Version 12.00
# Visual Studio Version 17
VisualStudioVersion = 17.5.002.0
MinimumVisualStudioVersion = 10.0.40219.1
Project("{2150E333-8FDC-42A3-9474-1A3956D46DE8}") = "src", "src", "{42C688D6-849D-4AC8-81D0-908542BC1C08}"
EndProject
Project("{9A19103F-16F7-4668-BE54-9A1E7A4F7556}") = "Application", "src\Application\Application.csproj", "{78EC4EEC-1E6F-4E67-BA5A-FD8BC1431607}"
EndProject
Project("{9A19103F-16F7-4668-BE54-9A1E7A4F7556}") = "Domain", "src\Domain\Domain.csproj", "{C15FDC8B-682E-4CB8-B54B-2AD00D3BFD99}"
EndProject
Project("{9A19103F-16F7-4668-BE54-9A1E7A4F7556}") = "Infrastructure", "src\Infrastructure\Infrastructure.csproj", "{41542471-33D1-4039-A0D2-66FFBC1664A0}"
EndProject
Project("{9A19103F-16F7-4668-BE54-9A1E7A4F7556}") = "WebApp", "src\WebApp\WebApp.csproj", "{E2921703-FF5F-4221-86CF-284A46A0FCF8}"
EndProject
Global
	GlobalSection(SolutionConfigurationPlatforms) = preSolution
		Debug|Any CPU = Debug|Any CPU
		Release|Any CPU = Release|Any CPU
	EndGlobalSection
	GlobalSection(ProjectConfigurationPlatforms) = postSolution
		{78EC4EEC-1E6F-4E67-BA5A-FD8BC1431607}.Debug|Any CPU.ActiveCfg = Debug|Any CPU
		{78EC4EEC-1E6F-4E67-BA5A-FD8BC1431607}.Debug|Any CPU.Build.0 = Debug|Any CPU
		{78EC4EEC-1E6F-4E67-BA5A-FD8BC1431607}.Release|Any CPU.ActiveCfg = Release|Any CPU
		{78EC4EEC-1E6F-4E67-BA5A-FD8BC1431607}.Release|Any CPU.Build.0 = Release|Any CPU
		{C15FDC8B-682E-4CB8-B54B-2AD00D3BFD99}.Debug|Any CPU.ActiveCfg = Debug|Any CPU
		{C15FDC8B-682E-4CB8-B54B-2AD00D3BFD99}.Debug|Any CPU.Build.0 = Debug|Any CPU
		{C15FDC8B-682E-4CB8-B54B-2AD00D3BFD99}.Release|Any CPU.ActiveCfg = Release|Any CPU
		{C15FDC8B-682E-4CB8-B54B-2AD00D3BFD99}.Release|Any CPU.Build.0 = Release|Any CPU
		{41542471-33D1-4039-A0D2-66FFBC1664A0}.Debug|Any CPU.ActiveCfg = Debug|Any CPU
		{41542471-33D1-4039-A0D2-66FFBC1664A0}.Debug|Any CPU.Build.0 = Debug|Any CPU
		{41542471-33D1-4039-A0D2-66FFBC1664A0}.Release|Any CPU.ActiveCfg = Release|Any CPU
		{41542471-33D1-4039-A0D2-66FFBC1664A0}.Release|Any CPU.Build.0 = Release|Any CPU
		{E2921703-FF5F-4221-86CF-284A46A0FCF8}.Debug|Any CPU.ActiveCfg = Debug|Any CPU
		{E2921703-FF5F-4221-86CF-284A46A0FCF8}.Debug|Any CPU.Build.0 = Debug|Any CPU
		{E2921703-FF5F-4221-86CF-284A46A0FCF8}.Release|Any CPU.ActiveCfg = Release|Any CPU
		{E2921703-FF5F-4221-86CF-284A46A0FCF8}.Release|Any CPU.Build.0 = Release|Any CPU
	EndGlobalSection
	GlobalSection(SolutionProperties) = preSolution
		HideSolutionNode = FALSE
	EndGlobalSection
	GlobalSection(NestedProjects) = preSolution
		{78EC4EEC-1E6F-4E67-BA5A-FD8BC1431607} = {42C688D6-849D-4AC8-81D0-908542BC1C08}
		{C15FDC8B-682E-4CB8-B54B-2AD00D3BFD99} = {42C688D6-849D-4AC8-81D0-908542BC1C08}
		{41542471-33D1-4039-A0D2-66FFBC1664A0} = {42C688D6-849D-4AC8-81D0-908542BC1C08}
		{E2921703-FF5F-4221-86CF-284A46A0FCF8} = {42C688D6-849D-4AC8-81D0-908542BC1C08}
	EndGlobalSection
	GlobalSection(ExtensibilityGlobals) = postSolution
		SolutionGuid = {D516FCC3-A46E-4BF6-BDE5-291ACF47F171}
	EndGlobalSection
EndGlobal
